
Microsoft Visual Studio Solution File, Format Version 12.00
# Visual Studio 15
VisualStudioVersion = 15.0.27130.2020
MinimumVisualStudioVersion = 10.0.40219.1
Project("{FAE04EC0-301F-11D3-BF4B-00C04F79EFBC}") = "DischargeTransportManagement.Domain", "DischargeTransportManagement.Domain.csproj", "{7A42BE94-04DE-4495-9610-56490F8A282C}"
EndProject
Global
	GlobalSection(SolutionConfigurationPlatforms) = preSolution
		Debug|Any CPU = Debug|Any CPU
		Release|Any CPU = Release|Any CPU
	EndGlobalSection
	GlobalSection(ProjectConfigurationPlatforms) = postSolution
		{7A42BE94-04DE-4495-9610-56490F8A282C}.Debug|Any CPU.ActiveCfg = Debug|Any CPU
		{7A42BE94-04DE-4495-9610-56490F8A282C}.Debug|Any CPU.Build.0 = Debug|Any CPU
		{7A42BE94-04DE-4495-9610-56490F8A282C}.Release|Any CPU.ActiveCfg = Release|Any CPU
		{7A42BE94-04DE-4495-9610-56490F8A282C}.Release|Any CPU.Build.0 = Release|Any CPU
	EndGlobalSection
	GlobalSection(SolutionProperties) = preSolution
		HideSolutionNode = FALSE
	EndGlobalSection
	GlobalSection(ExtensibilityGlobals) = postSolution
		SolutionGuid = {DAA8AAFB-BF1E-4B82-B1BC-DCAA9B0C17A1}
	EndGlobalSection
	GlobalSection(TeamFoundationVersionControl) = preSolution
		SccNumberOfProjects = 1
		SccEnterpriseProvider = {4CA58AB2-18FA-4F8D-95D4-32DDF27D184C}
		SccTeamFoundationServer = https://tfs.mc.vanderbilt.edu/tfs/vumc
		SccProjectUniqueName0 = DischargeTransportManagement.Domain.csproj
		SccProjectName0 = .
		SccAuxPath0 = https://tfs.mc.vanderbilt.edu/tfs/vumc
		SccLocalPath0 = .
		SccProvider0 = {4CA58AB2-18FA-4F8D-95D4-32DDF27D184C}
	EndGlobalSection
EndGlobal
